
Microsoft Visual Studio Solution File, Format Version 12.00
# Visual Studio Version 17
VisualStudioVersion = 17.7.34221.43
MinimumVisualStudioVersion = 10.0.40219.1
Project("{9A19103F-16F7-4668-BE54-9A1E7A4F7556}") = "KnockAPI", "KnockAPI.csproj", "{115834D3-291E-477E-8D27-CD53977A5072}"
EndProject
Project("{9A19103F-16F7-4668-BE54-9A1E7A4F7556}") = "KncokClient", "..\KncokClient\KncokClient.csproj", "{9DB382F7-6103-439D-922E-8A07AC44AE87}"
EndProject
Project("{9A19103F-16F7-4668-BE54-9A1E7A4F7556}") = "KnockMQTT", "..\KnockMQTT\KnockMQTT.csproj", "{2C9708FB-BA3C-4006-A28F-CA888BC7E6F3}"
EndProject
Project("{9A19103F-16F7-4668-BE54-9A1E7A4F7556}") = "KnockModels", "..\KnockModels\KnockModels.csproj", "{EEC050CF-63C1-4A6A-B188-F5422D722CF4}"
EndProject
Project("{2150E333-8FDC-42A3-9474-1A3956D46DE8}") = "Solution Items", "Solution Items", "{3351CE2D-6E63-46B7-B775-4535B54810CC}"
EndProject
Global
	GlobalSection(SolutionConfigurationPlatforms) = preSolution
		Debug|Any CPU = Debug|Any CPU
		Release|Any CPU = Release|Any CPU
	EndGlobalSection
	GlobalSection(ProjectConfigurationPlatforms) = postSolution
		{115834D3-291E-477E-8D27-CD53977A5072}.Debug|Any CPU.ActiveCfg = Debug|Any CPU
		{115834D3-291E-477E-8D27-CD53977A5072}.Debug|Any CPU.Build.0 = Debug|Any CPU
		{115834D3-291E-477E-8D27-CD53977A5072}.Release|Any CPU.ActiveCfg = Release|Any CPU
		{115834D3-291E-477E-8D27-CD53977A5072}.Release|Any CPU.Build.0 = Release|Any CPU
		{9DB382F7-6103-439D-922E-8A07AC44AE87}.Debug|Any CPU.ActiveCfg = Debug|Any CPU
		{9DB382F7-6103-439D-922E-8A07AC44AE87}.Debug|Any CPU.Build.0 = Debug|Any CPU
		{9DB382F7-6103-439D-922E-8A07AC44AE87}.Release|Any CPU.ActiveCfg = Release|Any CPU
		{9DB382F7-6103-439D-922E-8A07AC44AE87}.Release|Any CPU.Build.0 = Release|Any CPU
		{2C9708FB-BA3C-4006-A28F-CA888BC7E6F3}.Debug|Any CPU.ActiveCfg = Debug|Any CPU
		{2C9708FB-BA3C-4006-A28F-CA888BC7E6F3}.Debug|Any CPU.Build.0 = Debug|Any CPU
		{2C9708FB-BA3C-4006-A28F-CA888BC7E6F3}.Release|Any CPU.ActiveCfg = Release|Any CPU
		{2C9708FB-BA3C-4006-A28F-CA888BC7E6F3}.Release|Any CPU.Build.0 = Release|Any CPU
		{EEC050CF-63C1-4A6A-B188-F5422D722CF4}.Debug|Any CPU.ActiveCfg = Debug|Any CPU
		{EEC050CF-63C1-4A6A-B188-F5422D722CF4}.Debug|Any CPU.Build.0 = Debug|Any CPU
		{EEC050CF-63C1-4A6A-B188-F5422D722CF4}.Release|Any CPU.ActiveCfg = Release|Any CPU
		{EEC050CF-63C1-4A6A-B188-F5422D722CF4}.Release|Any CPU.Build.0 = Release|Any CPU
	EndGlobalSection
	GlobalSection(SolutionProperties) = preSolution
		HideSolutionNode = FALSE
	EndGlobalSection
	GlobalSection(ExtensibilityGlobals) = postSolution
		SolutionGuid = {2962D1E5-A295-4D96-A591-7FAC08C64F04}
	EndGlobalSection
EndGlobal
